{
  "name": "vue-meetup-starter",
  "version": "0.1.0",
  "lockfileVersion": 1,
  "requires": true,
  "dependencies": {
    "@vue/cli-plugin-babel": {
      "version": "3.4.0",
      "resolved": "https://registry.npmjs.org/@vue/cli-plugin-babel/-/cli-plugin-babel-3.4.0.tgz",
      "integrity": "sha512-8ViOzJa8UqUnmMl1422t8EIlCUc5PegSMsdU6xoqfavL83uEGjR+fE4gAI+g7xKo7Qk9+8Z8VvaredXMbmxCzA==",
      "dev": true
    },
    "@vue/cli-plugin-eslint": {
      "version": "3.4.0",
      "resolved": "https://registry.npmjs.org/@vue/cli-plugin-eslint/-/cli-plugin-eslint-3.4.0.tgz",
      "integrity": "sha512-KbUpN3Zd/V5zCah9nT9cukTHmd9g4IRskyuIeBw5KZqRDoUgCS7I2+OWlcAMneRuqZwgFbTFYmr9N3s6gz4SVg==",
      "dev": true,
      "dependencies": {
        "ajv": {
          "version": "5.5.2",
          "resolved": "https://registry.npmjs.org/ajv/-/ajv-5.5.2.tgz",
          "integrity": "sha1-c7Xuyj+rZT49P5Qis0GtQiBdyWU="
        },
        "cross-spawn": {
          "version": "5.1.0",
          "resolved": "https://registry.npmjs.org/cross-spawn/-/cross-spawn-5.1.0.tgz",
          "integrity": "sha1-6L0O/uWPz/b4+UUQoKVUu/ojVEk="
        },
        "debug": {
          "version": "3.2.6",
          "resolved": "https://registry.npmjs.org/debug/-/debug-3.2.6.tgz",
          "integrity": "sha512-mel+jf7nrtEl5Pn1Qx46zARXKDpBbvzezse7p7LqINmdoIk8PYP5SySaxEmYv6TZ0JyEKA1hsCId6DIhgITtWQ=="
        },
        "eslint": {
          "version": "4.19.1",
          "resolved": "https://registry.npmjs.org/eslint/-/eslint-4.19.1.tgz",
          "integrity": "sha512-bT3/1x1EbZB7phzYu7vCr1v3ONuzDtX8WjuM9c0iYxe+cq+pwcKEoQjl7zd3RpC6YOLgnSy3cTN58M2jcoPDIQ=="
        },
        "eslint-plugin-vue": {
          "version": "4.7.1",
          "resolved": "https://registry.npmjs.org/eslint-plugin-vue/-/eslint-plugin-vue-4.7.1.tgz",
          "integrity": "sha512-esETKhVMI7Vdli70Wt4bvAwnZBJeM0pxVX9Yb0wWKxdCJc2EADalVYK/q2FzMw8oKN0wPMdqVCKS8kmR89recA=="
        },
        "eslint-scope": {
          "version": "3.7.3",
          "resolved": "https://registry.npmjs.org/eslint-scope/-/eslint-scope-3.7.3.tgz",
          "integrity": "sha512-W+B0SvF4gamyCTmUc+uITPY0989iXVfKvhwtmJocTaYoc/3khEHmEmvfY/Gn9HA9VV75jrQECsHizkNw1b68FA=="
        },
        "fast-deep-equal": {
          "version": "1.1.0",
          "resolved": "https://registry.npmjs.org/fast-deep-equal/-/fast-deep-equal-1.1.0.tgz",
          "integrity": "sha1-wFNHeBfIa1HaqFPIHgWbcz0CNhQ="
        },
        "json-schema-traverse": {
          "version": "0.3.1",
          "resolved": "https://registry.npmjs.org/json-schema-traverse/-/json-schema-traverse-0.3.1.tgz",
          "integrity": "sha1-NJptRMU6Ud6JtAgFxdXlm0F9M0A="
        },
        "lru-cache": {
          "version": "4.1.5",
          "resolved": "https://registry.npmjs.org/lru-cache/-/lru-cache-4.1.5.tgz",
          "integrity": "sha512-sWZlbEP2OsHNkXrMl5GYk/jKk70MBng6UU4YI/qGDYbgf6YbP4EvmqISbXCoJiRKs+1bSpFHVgQxvJ17F2li5g=="
        },
        "yallist": {
          "version": "2.1.2",
          "resolved": "https://registry.npmjs.org/yallist/-/yallist-2.1.2.tgz",
          "integrity": "sha1-HBH5IY8HYImkfdUS+TxmmaaoHVI="
        }
      }
    },
    "@vue/cli-service": {
      "version": "3.4.0",
      "resolved": "https://registry.npmjs.org/@vue/cli-service/-/cli-service-3.4.0.tgz",
      "integrity": "sha512-AtLiin5Jlw0ULKXJtBhUaykz0VzDgYq2RCf7nxfB7Vsi5fTbJyOVeWYe9KsnsM6VTRBWRUI8NzPPMYxV2uxtQA==",
      "dev": true,
      "dependencies": {
        "acorn": {
          "version": "6.1.0",
          "resolved": "https://registry.npmjs.org/acorn/-/acorn-6.1.0.tgz",
          "integrity": "sha512-MW/FjM+IvU9CgBzjO3UIPCE2pyEwUsoFl+VGdczOPEdxfGFjuKny/gN54mOuX7Qxmb9Rg9MCn2oKiSUeW+pjrw=="
        },
        "css-loader": {
          "version": "1.0.1",
          "resolved": "https://registry.npmjs.org/css-loader/-/css-loader-1.0.1.tgz",
          "integrity": "sha512-+ZHAZm/yqvJ2kDtPne3uX0C+Vr3Zn5jFn2N4HywtS5ujwvsVkyg0VArEXpl3BgczDA8anieki1FIzhchX4yrDw=="
        },
        "postcss": {
          "version": "6.0.23",
          "resolved": "https://registry.npmjs.org/postcss/-/postcss-6.0.23.tgz",
          "integrity": "sha512-soOk1h6J3VMTZtVeVpv15/Hpdl2cBLX3CAw4TAbkpTJiNPk9YP/zWcD1ND+xEtvyuuvKzbxliTOIyvkSeSJ6ag=="
        },
        "source-map": {
          "version": "0.6.1",
          "resolved": "https://registry.npmjs.org/source-map/-/source-map-0.6.1.tgz",
          "integrity": "sha512-UjgapumWlbMhkBgzT7Ykc5YXUT46F0iKu8SGXq0bcwP5dz/h0Plj6enJqjz1Zbq2l5WaqYnrVbwWOWMyF3F47g=="
        }
      }
    },
    "algoliasearch": {
      "version": "3.32.0",
      "resolved": "https://registry.npmjs.org/algoliasearch/-/algoliasearch-3.32.0.tgz",
      "integrity": "sha512-C8oQnPTf0wPuyD2jSZwtBAPvz+lHOE7zRIPpgXGBuNt6ZNcC4omsbytG26318rT77a8h4759vmIp6n9p8iw4NA==",
      "dependencies": {
        "debug": {
          "version": "2.6.9",
          "resolved": "https://registry.npmjs.org/debug/-/debug-2.6.9.tgz",
          "integrity": "sha512-bC7ElrdJaJnPbAP+1EotYvqZsb3ecl5wi6Bfi6BJTUcNowp6cvspg0jXznRTKDjm/E7AdgFBVeAPVMNcKGsHMA=="
        },
        "events": {
          "version": "1.1.1",
          "resolved": "https://registry.npmjs.org/events/-/events-1.1.1.tgz",
          "integrity": "sha1-nr23Y1rQmccNzEwqH1AEKI6L2SQ="
        },
        "isarray": {
          "version": "2.0.4",
          "resolved": "https://registry.npmjs.org/isarray/-/isarray-2.0.4.tgz",
          "integrity": "sha512-GMxXOiUirWg1xTKRipM0Ek07rX+ubx4nNVElTJdNLYmNO/2YrDkgJGw9CljXn+r4EWiDQg/8lsRdHyg2PJuUaA=="
        },
        "ms": {
          "version": "2.0.0",
          "resolved": "https://registry.npmjs.org/ms/-/ms-2.0.0.tgz",
          "integrity": "sha1-VgiurfwAvmwpAd9fmGF4jeDVl8g="
        }
      }
    },
    "axios": {
      "version": "0.18.0",
      "resolved": "https://registry.npmjs.org/axios/-/axios-0.18.0.tgz",
      "integrity": "sha1-MtU+SFHv3AoRmTts0AB4nXDAUQI="
    },
    "babel-eslint": {
      "version": "10.0.1",
      "resolved": "https://registry.npmjs.org/babel-eslint/-/babel-eslint-10.0.1.tgz",
      "integrity": "sha512-z7OT1iNV+TjOwHNLLyJk+HN+YVWX+CLE6fPD2SymJZOZQBs+QIexFjhm4keGTm8MW9xr4EC9Q0PbaLB24V5GoQ==",
      "dev": true,
      "dependencies": {
        "eslint-scope": {
          "version": "3.7.1",
          "resolved": "https://registry.npmjs.org/eslint-scope/-/eslint-scope-3.7.1.tgz",
          "integrity": "sha1-PWPD7f2gLgbgGkUq2IyqzHzctug="
        }
      }
    },
    "bcrypt": {
      "version": "1.0.3",
      "resolved": "https://registry.npmjs.org/bcrypt/-/bcrypt-1.0.3.tgz",
      "integrity": "sha512-pRyDdo73C8Nim3jwFJ7DWe3TZCgwDfWZ6nHS5LSdU77kWbj1frruvdndP02AOavtD4y8v6Fp2dolbHgp4SDrfg==",
      "dependencies": {
        "nan": {
          "version": "2.6.2",
          "resolved": "https://registry.npmjs.org/nan/-/nan-2.6.2.tgz",
          "integrity": "sha1-5P805slf37WuzAjeZZb0NgWn20U="
        }
      }
    },
    "body-parser": {
      "version": "1.18.3",
      "resolved": "https://registry.npmjs.org/body-parser/-/body-parser-1.18.3.tgz",
      "integrity": "sha1-WykhmP/dVTs6DyDe0FkrlWlVyLQ=",
      "dependencies": {
        "debug": {
          "version": "2.6.9",
          "resolved": "https://registry.npmjs.org/debug/-/debug-2.6.9.tgz",
          "integrity": "sha512-bC7ElrdJaJnPbAP+1EotYvqZsb3ecl5wi6Bfi6BJTUcNowp6cvspg0jXznRTKDjm/E7AdgFBVeAPVMNcKGsHMA=="
        },
        "iconv-lite": {
          "version": "0.4.23",
          "resolved": "https://registry.npmjs.org/iconv-lite/-/iconv-lite-0.4.23.tgz",
          "integrity": "sha512-neyTUVFtahjf0mB3dZT77u+8O0QB89jFdnBkd5P1JgYPbPaia3gXXOVL2fq8VyU2gMMD7SaN7QukTB/pmXYvDA=="
        },
        "ms": {
          "version": "2.0.0",
          "resolved": "https://registry.npmjs.org/ms/-/ms-2.0.0.tgz",
          "integrity": "sha1-VgiurfwAvmwpAd9fmGF4jeDVl8g="
        }
      }
    },
    "bulma": {
      "version": "0.7.4",
      "resolved": "https://registry.npmjs.org/bulma/-/bulma-0.7.4.tgz",
      "integrity": "sha512-krG2rP6eAX1WE0sf6O0SC/FUVSOBX4m1PBC2+GKLpb2pX0qanaDqcv9U2nu75egFrsHkI0zdWYuk/oGwoszVWg=="
    },
    "cache-loader": {
      "version": "2.0.1",
      "resolved": "https://registry.npmjs.org/cache-loader/-/cache-loader-2.0.1.tgz",
      "integrity": "sha512-V99T3FOynmGx26Zom+JrVBytLBsmUCzVG2/4NnUKgvXN4bEV42R1ERl1IyiH/cvFIDA1Ytq2lPZ9tXDSahcQpQ==",
      "dependencies": {
        "schema-utils": {
          "version": "1.0.0",
          "resolved": "https://registry.npmjs.org/schema-utils/-/schema-utils-1.0.0.tgz",
          "integrity": "sha512-i27Mic4KovM/lnGsy8whRCHhc7VicJajAjTrYg11K9zfZXnYIt4k5F+kZkwjnrhKzLic/HLU4j11mjsz2G/75g=="
        }
      }
    },
    "connect-mongodb-session": {
      "version": "2.1.1",
      "resolved": "https://registry.npmjs.org/connect-mongodb-session/-/connect-mongodb-session-2.1.1.tgz",
      "integrity": "sha512-k8NF+C32tJZuR3sSFfdz56e1NKzxejWlD/X5PVYBIZQ8/dzqkMGTKxcdGXsBreU5M48WZ+vYGrJSruSRTzFu4Q=="
    },
    "css-loader": {
      "version": "2.1.0",
      "resolved": "https://registry.npmjs.org/css-loader/-/css-loader-2.1.0.tgz",
      "integrity": "sha512-MoOu+CStsGrSt5K2OeZ89q3Snf+IkxRfAIt9aAKg4piioTrhtP1iEFPu+OVn3Ohz24FO6L+rw9UJxBILiSBw5Q==",
      "dev": true,
      "dependencies": {
        "icss-utils": {
          "version": "4.0.0",
          "resolved": "https://registry.npmjs.org/icss-utils/-/icss-utils-4.0.0.tgz",
          "integrity": "sha512-bA/xGiwWM17qjllIs9X/y0EjsB7e0AV08F3OL8UPsoNkNRibIuu8f1eKTnQ8QO1DteKKTxTUAn+IEWUToIwGOA=="
        },
        "postcss-modules-extract-imports": {
          "version": "2.0.0",
          "resolved": "https://registry.npmjs.org/postcss-modules-extract-imports/-/postcss-modules-extract-imports-2.0.0.tgz",
          "integrity": "sha512-LaYLDNS4SG8Q5WAWqIJgdHPJrDDr/Lv775rMBFUbgjTz6j34lUznACHcdRWroPvXANP2Vj7yNK57vp9eFqzLWQ=="
        },
        "postcss-modules-local-by-default": {
          "version": "2.0.5",
          "resolved": "https://registry.npmjs.org/postcss-modules-local-by-default/-/postcss-modules-local-by-default-2.0.5.tgz",
          "integrity": "sha512-iFgxlCAVLno5wIJq+4hyuOmc4VjZEZxzpdeuZcBytLNWEK5Bx2oRF9PPcAz5TALbaFvrZm8sJYtJ3hV+tMSEIg=="
        },
        "postcss-modules-scope": {
          "version": "2.0.1",
          "resolved": "https://registry.npmjs.org/postcss-modules-scope/-/postcss-modules-scope-2.0.1.tgz",
          "integrity": "sha512-7+6k9c3/AuZ5c596LJx9n923A/j3nF3ormewYBF1RrIQvjvjXe1xE8V8A1KFyFwXbvnshT6FBZFX0k/F1igneg=="
        },
        "postcss-modules-values": {
          "version": "2.0.0",
          "resolved": "https://registry.npmjs.org/postcss-modules-values/-/postcss-modules-values-2.0.0.tgz",
          "integrity": "sha512-Ki7JZa7ff1N3EIMlPnGTZfUMe69FFwiQPnVSXC9mnn3jozCRBYIxiZd44yJOV2AmabOo4qFf8s0dC/+lweG7+w=="
        },
        "schema-utils": {
          "version": "1.0.0",
          "resolved": "https://registry.npmjs.org/schema-utils/-/schema-utils-1.0.0.tgz",
          "integrity": "sha512-i27Mic4KovM/lnGsy8whRCHhc7VicJajAjTrYg11K9zfZXnYIt4k5F+kZkwjnrhKzLic/HLU4j11mjsz2G/75g=="
        }
      }
    },
    "eslint": {
      "version": "5.13.0",
      "resolved": "https://registry.npmjs.org/eslint/-/eslint-5.13.0.tgz",
      "integrity": "sha512-nqD5WQMisciZC5EHZowejLKQjWGuFS5c70fxqSKlnDME+oz9zmE8KTlX+lHSg+/5wsC/kf9Q9eMkC8qS3oM2fg==",
      "dev": true,
      "dependencies": {
        "acorn": {
          "version": "6.1.0",
          "resolved": "https://registry.npmjs.org/acorn/-/acorn-6.1.0.tgz",
          "integrity": "sha512-MW/FjM+IvU9CgBzjO3UIPCE2pyEwUsoFl+VGdczOPEdxfGFjuKny/gN54mOuX7Qxmb9Rg9MCn2oKiSUeW+pjrw=="
        },
        "acorn-jsx": {
          "version": "5.0.1",
          "resolved": "https://registry.npmjs.org/acorn-jsx/-/acorn-jsx-5.0.1.tgz",
          "integrity": "sha512-HJ7CfNHrfJLlNTzIEUTj43LNWGkqpRLxm3YjAlcD0ACydk9XynzYsCBHxut+iqt+1aBXkx9UP/w/ZqMr13XIzg=="
        },
        "ansi-regex": {
          "version": "4.0.0",
          "resolved": "https://registry.npmjs.org/ansi-regex/-/ansi-regex-4.0.0.tgz",
          "integrity": "sha512-iB5Dda8t/UqpPI/IjsejXu5jOGDrzn41wJyljwPH65VCIbk6+1BzFIMJGFwTNrYXT1CrD+B4l19U7awiQ8rk7w=="
        },
        "chardet": {
          "version": "0.7.0",
          "resolved": "https://registry.npmjs.org/chardet/-/chardet-0.7.0.tgz",
          "integrity": "sha512-mT8iDcrh03qDGRRmoA2hmBJnxpllMR+0/0qlzjqZES6NdiWDcZkCNAk4rPFZ9Q85r27unkiNNg8ZOiwZXBHwcA=="
        },
        "espree": {
          "version": "5.0.0",
          "resolved": "https://registry.npmjs.org/espree/-/espree-5.0.0.tgz",
          "integrity": "sha512-1MpUfwsdS9MMoN7ZXqAr9e9UKdVHDcvrJpyx7mm1WuQlx/ygErEQBzgi5Nh5qBHIoYweprhtMkTCb9GhcAIcsA=="
        },
        "external-editor": {
          "version": "3.0.3",
          "resolved": "https://registry.npmjs.org/external-editor/-/external-editor-3.0.3.tgz",
          "integrity": "sha512-bn71H9+qWoOQKyZDo25mOMVpSmXROAsTJVVVYzrrtol3d4y+AsKjf4Iwl2Q+IuT0kFSQ1qo166UuIwqYq7mGnA=="
        },
        "ignore": {
          "version": "4.0.6",
          "resolved": "https://registry.npmjs.org/ignore/-/ignore-4.0.6.tgz",
          "integrity": "sha512-cyFDKrqc/YdcWFniJhzI42+AzS+gNwmUzOSFcRCQYwySuBBBy/KjuxWLZ/FHEH6Moq1NizMOBWyTcv8O4OZIMg=="
        },
        "import-fresh": {
          "version": "3.0.0",
          "resolved": "https://registry.npmjs.org/import-fresh/-/import-fresh-3.0.0.tgz",
          "integrity": "sha512-pOnA9tfM3Uwics+SaBLCNyZZZbK+4PTu0OPZtLlMIrv17EdBoC15S9Kn8ckJ9TZTyKb3ywNE5y1yeDxxGA7nTQ=="
        },
        "inquirer": {
          "version": "6.2.2",
          "resolved": "https://registry.npmjs.org/inquirer/-/inquirer-6.2.2.tgz",
          "integrity": "sha512-Z2rREiXA6cHRR9KBOarR3WuLlFzlIfAEIiB45ll5SSadMg7WqOh1MKEjjndfuH5ewXdixWCxqnVfGOQzPeiztA==",
          "dependencies": {
            "strip-ansi": {
              "version": "5.0.0",
              "resolved": "https://registry.npmjs.org/strip-ansi/-/strip-ansi-5.0.0.tgz",
              "integrity": "sha512-Uu7gQyZI7J7gn5qLn1Np3G9vcYGTVqB+lFTytnDJv83dd8T22aGH451P3jueT2/QemInJDfxHB5Tde5OzgG1Ow=="
            }
          }
        },
        "regexpp": {
          "version": "2.0.1",
          "resolved": "https://registry.npmjs.org/regexpp/-/regexpp-2.0.1.tgz",
          "integrity": "sha512-lv0M6+TkDVniA3aD1Eg0DVpfU/booSu7Eev3TDO/mZKHBfVjgCGTV4t4buppESEYDtkArYFOxTJWv6S5C+iaNw=="
        },
        "resolve-from": {
          "version": "4.0.0",
          "resolved": "https://registry.npmjs.org/resolve-from/-/resolve-from-4.0.0.tgz",
          "integrity": "sha512-pb/MYmXstAkysRFx8piNI1tGFNQIFA3vkE3Gq4EuA1dF6gHp/+vgZqsCGJapvy8N3Q+4o7FwvquPJcnZ7RYy4g=="
        },
        "slice-ansi": {
          "version": "2.1.0",
          "resolved": "https://registry.npmjs.org/slice-ansi/-/slice-ansi-2.1.0.tgz",
          "integrity": "sha512-Qu+VC3EwYLldKa1fCxuuvULvSJOKEgk9pi8dZeCVK7TqBfUNTH4sFkk4joj8afVSfAYgJoSOetjx9QWOJ5mYoQ=="
        },
        "table": {
          "version": "5.2.3",
          "resolved": "https://registry.npmjs.org/table/-/table-5.2.3.tgz",
          "integrity": "sha512-N2RsDAMvDLvYwFcwbPyF3VmVSSkuF+G1e+8inhBLtHpvwXGw4QRPEZhihQNeEN0i1up6/f6ObCJXNdlRG3YVyQ==",
          "dependencies": {
            "string-width": {
              "version": "3.0.0",
              "resolved": "https://registry.npmjs.org/string-width/-/string-width-3.0.0.tgz",
              "integrity": "sha512-rr8CUxBbvOZDUvc5lNIJ+OC1nPVpz+Siw9VBtUjB9b6jZehZLFt0JMCZzShFHIsI8cbhm0EsNIfWJMFV3cu3Ew=="
            },
            "strip-ansi": {
              "version": "5.0.0",
              "resolved": "https://registry.npmjs.org/strip-ansi/-/strip-ansi-5.0.0.tgz",
              "integrity": "sha512-Uu7gQyZI7J7gn5qLn1Np3G9vcYGTVqB+lFTytnDJv83dd8T22aGH451P3jueT2/QemInJDfxHB5Tde5OzgG1Ow=="
            }
          }
        }
      }
    },
    "eslint-plugin-vue": {
      "version": "5.1.0",
      "resolved": "https://registry.npmjs.org/eslint-plugin-vue/-/eslint-plugin-vue-5.1.0.tgz",
      "integrity": "sha512-C7avvbGLb9J1PyGiFolPcGR4ljUc+dKm5ZJdrUKXwXFxHHx4SqOmRI29AsFyW7PbCGcnOvIlaq7NJS6HDIak+g==",
      "dev": true,
      "dependencies": {
        "acorn": {
          "version": "6.1.0",
          "resolved": "https://registry.npmjs.org/acorn/-/acorn-6.1.0.tgz",
          "integrity": "sha512-MW/FjM+IvU9CgBzjO3UIPCE2pyEwUsoFl+VGdczOPEdxfGFjuKny/gN54mOuX7Qxmb9Rg9MCn2oKiSUeW+pjrw=="
        },
        "acorn-jsx": {
          "version": "5.0.1",
          "resolved": "https://registry.npmjs.org/acorn-jsx/-/acorn-jsx-5.0.1.tgz",
          "integrity": "sha512-HJ7CfNHrfJLlNTzIEUTj43LNWGkqpRLxm3YjAlcD0ACydk9XynzYsCBHxut+iqt+1aBXkx9UP/w/ZqMr13XIzg=="
        },
        "espree": {
          "version": "4.1.0",
          "resolved": "https://registry.npmjs.org/espree/-/espree-4.1.0.tgz",
          "integrity": "sha512-I5BycZW6FCVIub93TeVY1s7vjhP9CY6cXCznIRfiig7nRviKZYdRnj/sHEWC6A7WE9RDWOFq9+7OsWSYz8qv2w=="
        },
        "vue-eslint-parser": {
          "version": "4.0.3",
          "resolved": "https://registry.npmjs.org/vue-eslint-parser/-/vue-eslint-parser-4.0.3.tgz",
          "integrity": "sha512-AUeQsYdO6+7QXCems+WvGlrXd37PHv/zcRQSQdY1xdOMwdFAPEnMBsv7zPvk0TPGulXkK/5p/ITgrjiYB7k3ag=="
        }
      }
    },
    "express": {
      "version": "4.16.4",
      "resolved": "https://registry.npmjs.org/express/-/express-4.16.4.tgz",
      "integrity": "sha512-j12Uuyb4FMrd/qQAm6uCHAkPtO8FDTRJZBDd5D2KOL2eLaz1yUNdUB/NOIyq0iU4q4cFarsUCrnFDPBcnksuOg==",
      "dependencies": {
        "debug": {
          "version": "2.6.9",
          "resolved": "https://registry.npmjs.org/debug/-/debug-2.6.9.tgz",
          "integrity": "sha512-bC7ElrdJaJnPbAP+1EotYvqZsb3ecl5wi6Bfi6BJTUcNowp6cvspg0jXznRTKDjm/E7AdgFBVeAPVMNcKGsHMA=="
        },
        "ms": {
          "version": "2.0.0",
          "resolved": "https://registry.npmjs.org/ms/-/ms-2.0.0.tgz",
          "integrity": "sha1-VgiurfwAvmwpAd9fmGF4jeDVl8g="
        }
      }
    },
    "express-jwt": {
      "version": "5.3.1",
      "resolved": "https://registry.npmjs.org/express-jwt/-/express-jwt-5.3.1.tgz",
      "integrity": "sha512-1C9RNq0wMp/JvsH/qZMlg3SIPvKu14YkZ4YYv7gJQ1Vq+Dv8LH9tLKenS5vMNth45gTlEUGx+ycp9IHIlaHP/g=="
    },
    "express-session": {
      "version": "1.15.6",
      "resolved": "https://registry.npmjs.org/express-session/-/express-session-1.15.6.tgz",
      "integrity": "sha512-r0nrHTCYtAMrFwZ0kBzZEXa1vtPVrw0dKvGSrKP4dahwBQ1BJpF2/y1Pp4sCD/0kvxV4zZeclyvfmw0B4RMJQA==",
      "dependencies": {
        "debug": {
          "version": "2.6.9",
          "resolved": "https://registry.npmjs.org/debug/-/debug-2.6.9.tgz",
          "integrity": "sha512-bC7ElrdJaJnPbAP+1EotYvqZsb3ecl5wi6Bfi6BJTUcNowp6cvspg0jXznRTKDjm/E7AdgFBVeAPVMNcKGsHMA=="
        },
        "ms": {
          "version": "2.0.0",
          "resolved": "https://registry.npmjs.org/ms/-/ms-2.0.0.tgz",
          "integrity": "sha1-VgiurfwAvmwpAd9fmGF4jeDVl8g="
        }
      }
    },
    "firebase": {
      "version": "5.8.2",
      "resolved": "https://registry.npmjs.org/firebase/-/firebase-5.8.2.tgz",
      "integrity": "sha512-8sdN33WIO8+Ic8wqJ9luhAPsb6M+m4v30wm/nP265GJ25MK2u8SpDNNxqKSu87SVEuUUWe9Hp7zbistIhWppGg=="
    },
    "firebase-admin": {
      "version": "6.5.1",
      "resolved": "https://registry.npmjs.org/firebase-admin/-/firebase-admin-6.5.1.tgz",
      "integrity": "sha512-Uu/jO7ZwmTqaK3kVpvJD/k1v7kjnMQ3lhw6H/1DqA5crtjA0F4NFY41YPLX4dOE2nhJpH+b3BBDy8cnCjdp/tA==",
      "dependencies": {
        "jsonwebtoken": {
          "version": "8.1.0",
          "resolved": "https://registry.npmjs.org/jsonwebtoken/-/jsonwebtoken-8.1.0.tgz",
          "integrity": "sha1-xjl80uX9WD1lwAeoPce7eOaYK4M="
        },
        "node-forge": {
          "version": "0.7.4",
          "resolved": "https://registry.npmjs.org/node-forge/-/node-forge-0.7.4.tgz",
          "integrity": "sha512-8Df0906+tq/omxuCZD6PqhPaQDYuyJ1d+VITgxoIA8zvQd1ru+nMJcDChHH324MWitIgbVkAkQoGEEVJNpn/PA=="
        }
      }
    },
    "geoip-lite": {
      "version": "1.4.2",
      "resolved": "https://registry.npmjs.org/geoip-lite/-/geoip-lite-1.4.2.tgz",
      "integrity": "sha512-1rUNqar68+ldSSlSMdpLZPAM+NRokIDzB2lpQFRHSOaDVqtmy25jTAWe0lM2GqWFeaA35RiLhF8GF0vvL+qOKA==",
      "dependencies": {
        "async": {
          "version": "2.6.3",
          "resolved": "https://registry.npmjs.org/async/-/async-2.6.3.tgz",
          "integrity": "sha512-zflvls11DCy+dQWzTW2dzuilv8Z5X/pjfmZOWba6TNIVDm+2UDaJmXSOXlasHKfNBs8oo3M0aT50fDEWfKZjXg=="
        },
        "lodash": {
          "version": "4.17.15",
          "resolved": "https://registry.npmjs.org/lodash/-/lodash-4.17.15.tgz",
          "integrity": "sha512-8xOcRHvCjnocdS5cpwXQXVzmmh5e5+saE2QGoeQmbKmRS6J3VQppPOIt0MnmE+4xlZoumy0GPG0D0MVIQbNA1A=="
        }
      }
    },
    "http-proxy-middleware": {
      "version": "0.19.1",
      "resolved": "https://registry.npmjs.org/http-proxy-middleware/-/http-proxy-middleware-0.19.1.tgz",
      "integrity": "sha512-yHYTgWMQO8VvwNS22eLLloAkvungsKdKTLO8AJlftYIKNfJr3GK3zK0ZCfzDDGUBttdGc8xFy1mCitvNKQtC3Q=="
    },
    "http2": {
      "version": "3.3.7",
      "resolved": "https://registry.npmjs.org/http2/-/http2-3.3.7.tgz",
      "integrity": "sha512-puSi8M8WNlFJm9Pk4c/Mbz9Gwparuj3gO9/RRO5zv6piQ0FY+9Qywp0PdWshYgsMJSalixFY7eC6oPu0zRxLAQ=="
    },
    "jsonwebtoken": {
      "version": "8.4.0",
      "resolved": "https://registry.npmjs.org/jsonwebtoken/-/jsonwebtoken-8.4.0.tgz",
      "integrity": "sha512-coyXjRTCy0pw5WYBpMvWOMN+Kjaik2MwTUIq9cna/W7NpO9E+iYbumZONAz3hcr+tXFJECoQVrtmIoC3Oz0gvg=="
    },
    "moment": {
      "version": "2.24.0",
      "resolved": "https://registry.npmjs.org/moment/-/moment-2.24.0.tgz",
      "integrity": "sha512-bV7f+6l2QigeBBZSM/6yTNq4P2fNpSWj/0e7jQcy87A8e7o2nAfP/34/2ky5Vw4B9S446EtIhodAzkFCcR4dQg=="
    },
    "mongoose": {
      "version": "5.4.11",
      "resolved": "https://registry.npmjs.org/mongoose/-/mongoose-5.4.11.tgz",
      "integrity": "sha512-Ah/JaZj4vhYP2CEjIy1ictJguzGJczHMtUQmLrBUpnQ4WhhQl5jOo6JHzKiRJ/PdLV25y22kt8WOdsc0DIojww==",
      "dependencies": {
        "async": {
          "version": "2.6.1",
          "resolved": "https://registry.npmjs.org/async/-/async-2.6.1.tgz",
          "integrity": "sha512-fNEiL2+AZt6AlAw/29Cr0UDe4sRAHCpEHh54WMz+Bb7QfNcFw4h3loofyJpLeQs4Yx7yuqu/2dLgM5hKOs6HlQ=="
        },
        "ms": {
          "version": "2.0.0",
          "resolved": "https://registry.npmjs.org/ms/-/ms-2.0.0.tgz",
          "integrity": "sha1-VgiurfwAvmwpAd9fmGF4jeDVl8g="
        }
      }
    },
    "morgan": {
      "version": "1.9.1",
      "resolved": "https://registry.npmjs.org/morgan/-/morgan-1.9.1.tgz",
      "integrity": "sha512-HQStPIV4y3afTiCYVxirakhlCfGkI161c76kKFca7Fk1JusM//Qeo1ej2XaMniiNeaZklMVrh3vTtIzpzwbpmA==",
      "dependencies": {
        "debug": {
          "version": "2.6.9",
          "resolved": "https://registry.npmjs.org/debug/-/debug-2.6.9.tgz",
          "integrity": "sha512-bC7ElrdJaJnPbAP+1EotYvqZsb3ecl5wi6Bfi6BJTUcNowp6cvspg0jXznRTKDjm/E7AdgFBVeAPVMNcKGsHMA=="
        },
        "ms": {
          "version": "2.0.0",
          "resolved": "https://registry.npmjs.org/ms/-/ms-2.0.0.tgz",
          "integrity": "sha1-VgiurfwAvmwpAd9fmGF4jeDVl8g="
        }
      }
    },
    "node-geocoder": {
      "version": "3.22.0",
      "resolved": "https://registry.npmjs.org/node-geocoder/-/node-geocoder-3.22.0.tgz",
      "integrity": "sha512-w7ew1vH6IjkhexoxcJ2aFBMMHdfS/VY5xiJ29jd6ml3l5nitySLeJ2vc5IxEfhgq2sZvh7mBk9dJlMqKEKBqJg=="
    },
    "node-sass": {
      "version": "4.11.0",
      "resolved": "https://registry.npmjs.org/node-sass/-/node-sass-4.11.0.tgz",
      "integrity": "sha512-bHUdHTphgQJZaF1LASx0kAviPH7sGlcyNhWade4eVIpFp6tsn7SV8xNMTbsQFpEV9VXpnwTTnNYlfsZXgGgmkA==",
      "dev": true,
      "dependencies": {
        "ansi-regex": {
          "version": "2.1.1",
          "resolved": "https://registry.npmjs.org/ansi-regex/-/ansi-regex-2.1.1.tgz",
          "integrity": "sha1-w7M6te42DYbg5ijwRorn7yfWVN8="
        },
        "ansi-styles": {
          "version": "2.2.1",
          "resolved": "https://registry.npmjs.org/ansi-styles/-/ansi-styles-2.2.1.tgz",
          "integrity": "sha1-tDLdM1i2NM914eRmQ2gkBTPB3b4="
        },
        "chalk": {
          "version": "1.1.3",
          "resolved": "https://registry.npmjs.org/chalk/-/chalk-1.1.3.tgz",
          "integrity": "sha1-qBFcVeSnAv5NFQq9OHKCKn4J/Jg="
        },
        "cross-spawn": {
          "version": "3.0.1",
          "resolved": "https://registry.npmjs.org/cross-spawn/-/cross-spawn-3.0.1.tgz",
          "integrity": "sha1-ElYDfsufDF9549bvE14wdwGEuYI="
        },
        "lru-cache": {
          "version": "4.1.5",
          "resolved": "https://registry.npmjs.org/lru-cache/-/lru-cache-4.1.5.tgz",
          "integrity": "sha512-sWZlbEP2OsHNkXrMl5GYk/jKk70MBng6UU4YI/qGDYbgf6YbP4EvmqISbXCoJiRKs+1bSpFHVgQxvJ17F2li5g=="
        },
        "strip-ansi": {
          "version": "3.0.1",
          "resolved": "https://registry.npmjs.org/strip-ansi/-/strip-ansi-3.0.1.tgz",
          "integrity": "sha1-ajhfuIU9lS1f8F0Oiq+UJ43GPc8="
        },
        "supports-color": {
          "version": "2.0.0",
          "resolved": "https://registry.npmjs.org/supports-color/-/supports-color-2.0.0.tgz",
          "integrity": "sha1-U10EXOa2Nj+kARcIRimZXp3zJMc="
        },
        "yallist": {
          "version": "2.1.2",
          "resolved": "https://registry.npmjs.org/yallist/-/yallist-2.1.2.tgz",
          "integrity": "sha1-HBH5IY8HYImkfdUS+TxmmaaoHVI="
        }
      }
    },
    "nodemailer": {
      "version": "6.4.16",
      "resolved": "https://registry.npmjs.org/nodemailer/-/nodemailer-6.4.16.tgz",
      "integrity": "sha512-68K0LgZ6hmZ7PVmwL78gzNdjpj5viqBdFqKrTtr9bZbJYj6BRj5W6WGkxXrEnUl3Co3CBXi3CZBUlpV/foGnOQ=="
    },
    "passport": {
      "version": "0.4.0",
      "resolved": "https://registry.npmjs.org/passport/-/passport-0.4.0.tgz",
      "integrity": "sha1-xQlWkTR71a07XhgCOMORTRbwWBE="
    },
    "passport-jwt": {
      "version": "4.0.0",
      "resolved": "https://registry.npmjs.org/passport-jwt/-/passport-jwt-4.0.0.tgz",
      "integrity": "sha512-BwC0n2GP/1hMVjR4QpnvqA61TxenUMlmfNjYNgK0ZAs0HK4SOQkHcSv4L328blNTLtHq7DbmvyNJiH+bn6C5Mg=="
    },
    "passport-local": {
      "version": "1.0.0",
      "resolved": "https://registry.npmjs.org/passport-local/-/passport-local-1.0.0.tgz",
      "integrity": "sha1-H+YyaMkudWBmJkN+O5BmYsFbpu4="
    },
    "query-string": {
      "version": "6.2.0",
      "resolved": "https://registry.npmjs.org/query-string/-/query-string-6.2.0.tgz",
      "integrity": "sha512-5wupExkIt8RYL4h/FE+WTg3JHk62e6fFPWtAZA9J5IWK1PfTfKkMS93HBUHcFpeYi9KsY5pFbh+ldvEyaz5MyA=="
    },
    "request-ip": {
      "version": "2.1.3",
      "resolved": "https://registry.npmjs.org/request-ip/-/request-ip-2.1.3.tgz",
      "integrity": "sha512-J3qdE/IhVM3BXkwMIVO4yFrvhJlU3H7JH16+6yHucadT4fePnR8dyh+vEs6FIx0S2x5TCt2ptiPfHcn0sqhbYQ=="
    },
    "sass-loader": {
      "version": "7.1.0",
      "resolved": "https://registry.npmjs.org/sass-loader/-/sass-loader-7.1.0.tgz",
      "integrity": "sha512-+G+BKGglmZM2GUSfT9TLuEp6tzehHPjAMoRRItOojWIqIGPloVCMhNIQuG639eJ+y033PaGTSjLaTHts8Kw79w==",
      "dev": true
    },
    "socket.io": {
      "version": "2.2.0",
      "resolved": "https://registry.npmjs.org/socket.io/-/socket.io-2.2.0.tgz",
      "integrity": "sha512-wxXrIuZ8AILcn+f1B4ez4hJTPG24iNgxBBDaJfT6MsyOhVYiTXWexGoPkd87ktJG8kQEcL/NBvRi64+9k4Kc0w=="
    },
    "socket.io-client": {
      "version": "2.2.0",
      "resolved": "https://registry.npmjs.org/socket.io-client/-/socket.io-client-2.2.0.tgz",
      "integrity": "sha512-56ZrkTDbdTLmBIyfFYesgOxsjcLnwAKoN4CiPyTVkMQj3zTUh0QAx3GbvIvLpFEOvQWu92yyWICxB0u7wkVbYA==",
      "dependencies": {
        "debug": {
          "version": "3.1.0",
          "resolved": "https://registry.npmjs.org/debug/-/debug-3.1.0.tgz",
          "integrity": "sha512-OX8XqP7/1a9cqkxYw2yXss15f26NKWBpDXQd0/uK/KPqdQhxbPa994hnzjcE2VqQpDslf55723cKPUOGSmMY3g=="
        },
        "ms": {
          "version": "2.0.0",
          "resolved": "https://registry.npmjs.org/ms/-/ms-2.0.0.tgz",
          "integrity": "sha1-VgiurfwAvmwpAd9fmGF4jeDVl8g="
        }
      }
    },
    "vue": {
      "version": "2.6.6",
      "resolved": "https://registry.npmjs.org/vue/-/vue-2.6.6.tgz",
      "integrity": "sha512-Y2DdOZD8sxApS+iUlwv1v8U1qN41kq6Kw45lM6nVZKhygeWA49q7VCCXkjXqeDBXgurrKWkYQ9cJeEJwAq0b9Q=="
    },
    "vue-router": {
      "version": "3.0.2",
      "resolved": "https://registry.npmjs.org/vue-router/-/vue-router-3.0.2.tgz",
      "integrity": "sha512-opKtsxjp9eOcFWdp6xLQPLmRGgfM932Tl56U9chYTnoWqKxQ8M20N7AkdEbM5beUh6wICoFGYugAX9vQjyJLFg=="
    },
    "vue-socket.io": {
      "version": "3.0.5",
      "resolved": "https://registry.npmjs.org/vue-socket.io/-/vue-socket.io-3.0.5.tgz",
      "integrity": "sha512-+caWHVSphz0iEJOdHK8inAth7E4r97/9w3XD+vxMxCkfKtZNf/D07/ZmRrwFUSlCLJ1EDph/gYFoHy06KBUBCg=="
    },
    "vue-template-compiler": {
      "version": "2.6.6",
      "resolved": "https://registry.npmjs.org/vue-template-compiler/-/vue-template-compiler-2.6.6.tgz",
      "integrity": "sha512-OakxDGyrmMQViCjkakQFbDZlG0NibiOzpLauOfyCUVRQc9yPmTqpiz9nF0VeA+dFkXegetw0E5x65BFhhLXO0A==",
      "dev": true
    },
    "vue-toasted": {
      "version": "1.1.26",
      "resolved": "https://registry.npmjs.org/vue-toasted/-/vue-toasted-1.1.26.tgz",
      "integrity": "sha512-Z4/gfPcqdzsRvif7UITrZOkh3C6jm0yQKJyr9kX31IGWXor5dNipE1Sc5SnlL5RLmY7vlLa+SqIjc9Gbpy7V0g=="
    },
    "vue2-timepicker": {
      "version": "0.1.4",
      "resolved": "https://registry.npmjs.org/vue2-timepicker/-/vue2-timepicker-0.1.4.tgz",
      "integrity": "sha1-CAnZsH6chkLeNgBEtqFMK38gOBU="
    },
    "vuejs-datepicker": {
      "version": "1.5.4",
      "resolved": "https://registry.npmjs.org/vuejs-datepicker/-/vuejs-datepicker-1.5.4.tgz",
      "integrity": "sha512-AVzgu3pb/fF/Sj3qu8YPnp7KhtsXkm8TSnBEcyYsWb1bMJr5FdPCxuIzISgw5kq0It7HkVJUGXQ4CiCwq9hhww=="
    },
    "vuejs-paginate": {
      "version": "2.1.0",
      "resolved": "https://registry.npmjs.org/vuejs-paginate/-/vuejs-paginate-2.1.0.tgz",
      "integrity": "sha512-gnwyXlmCiDOu9MLWxN5UJ4PGijKGNOMpHG8ujsrynCzTJljn/rp7Jq0WiDGDAMi5/u0AHuYIHhced+tUW4jblA=="
    },
    "vuelidate": {
      "version": "0.7.4",
      "resolved": "https://registry.npmjs.org/vuelidate/-/vuelidate-0.7.4.tgz",
      "integrity": "sha512-QHZWYOL325Zo+2K7VBNEJTZ496Kd8Z31p85aQJFldKudUUGBmgw4zu4ghl4CyqPwjRCmqZ9lDdx4FSdMnu4fGg=="
    },
    "vuex": {
      "version": "3.1.0",
      "resolved": "https://registry.npmjs.org/vuex/-/vuex-3.1.0.tgz",
      "integrity": "sha512-mdHeHT/7u4BncpUZMlxNaIdcN/HIt1GsGG5LKByArvYG/v6DvHcOxvDCts+7SRdCoIRGllK8IMZvQtQXLppDYg=="
    }
  }
}
